
Microsoft Visual Studio Solution File, Format Version 12.00
# Visual Studio Version 17
VisualStudioVersion = 17.7.34024.191
MinimumVisualStudioVersion = 10.0.40219.1
Project("{9A19103F-16F7-4668-BE54-9A1E7A4F7556}") = "EFCore_DBLibrary", "EFCore_DBLibrary.csproj", "{B7DB1963-074A-4B14-9F85-E4A6FD9743A1}"
EndProject
Project("{9A19103F-16F7-4668-BE54-9A1E7A4F7556}") = "EFCore_Activity0201", "..\EFCore_Activity0201\EFCore_Activity0201.csproj", "{BFF6D08F-6B15-4F27-871E-E5F064F912D7}"
EndProject
Project("{9A19103F-16F7-4668-BE54-9A1E7A4F7556}") = "EFCore_Activity0301", "..\EFCore_Activity0301\EFCore_Activity0301.csproj", "{7F27C002-8E12-45FF-9154-ED1EE828197D}"
EndProject
Project("{FAE04EC0-301F-11D3-BF4B-00C04F79EFBC}") = "EFCore6_Activity03-2", "..\EFCore6_Activity03-2\EFCore6_Activity03-2.csproj", "{FB224F9F-2C3F-4B36-B209-CC2C564191FA}"
EndProject
Project("{FAE04EC0-301F-11D3-BF4B-00C04F79EFBC}") = "EFCore_DBLibrary_Inventory", "..\EFCore_DBLibrary_Inventory\EFCore_DBLibrary_Inventory.csproj", "{C6FBF48C-0743-430D-892E-556C7D78EE32}"
EndProject
Project("{FAE04EC0-301F-11D3-BF4B-00C04F79EFBC}") = "InventoryModels", "..\InventoryModels\InventoryModels.csproj", "{D1CDC8E1-60F2-480A-BDD8-D06B6EF05715}"
EndProject
Global
	GlobalSection(SolutionConfigurationPlatforms) = preSolution
		Debug|Any CPU = Debug|Any CPU
		Release|Any CPU = Release|Any CPU
	EndGlobalSection
	GlobalSection(ProjectConfigurationPlatforms) = postSolution
		{B7DB1963-074A-4B14-9F85-E4A6FD9743A1}.Debug|Any CPU.ActiveCfg = Debug|Any CPU
		{B7DB1963-074A-4B14-9F85-E4A6FD9743A1}.Debug|Any CPU.Build.0 = Debug|Any CPU
		{B7DB1963-074A-4B14-9F85-E4A6FD9743A1}.Release|Any CPU.ActiveCfg = Release|Any CPU
		{B7DB1963-074A-4B14-9F85-E4A6FD9743A1}.Release|Any CPU.Build.0 = Release|Any CPU
		{BFF6D08F-6B15-4F27-871E-E5F064F912D7}.Debug|Any CPU.ActiveCfg = Debug|Any CPU
		{BFF6D08F-6B15-4F27-871E-E5F064F912D7}.Debug|Any CPU.Build.0 = Debug|Any CPU
		{BFF6D08F-6B15-4F27-871E-E5F064F912D7}.Release|Any CPU.ActiveCfg = Release|Any CPU
		{BFF6D08F-6B15-4F27-871E-E5F064F912D7}.Release|Any CPU.Build.0 = Release|Any CPU
		{7F27C002-8E12-45FF-9154-ED1EE828197D}.Debug|Any CPU.ActiveCfg = Debug|Any CPU
		{7F27C002-8E12-45FF-9154-ED1EE828197D}.Debug|Any CPU.Build.0 = Debug|Any CPU
		{7F27C002-8E12-45FF-9154-ED1EE828197D}.Release|Any CPU.ActiveCfg = Release|Any CPU
		{7F27C002-8E12-45FF-9154-ED1EE828197D}.Release|Any CPU.Build.0 = Release|Any CPU
		{FB224F9F-2C3F-4B36-B209-CC2C564191FA}.Debug|Any CPU.ActiveCfg = Debug|Any CPU
		{FB224F9F-2C3F-4B36-B209-CC2C564191FA}.Debug|Any CPU.Build.0 = Debug|Any CPU
		{FB224F9F-2C3F-4B36-B209-CC2C564191FA}.Release|Any CPU.ActiveCfg = Release|Any CPU
		{FB224F9F-2C3F-4B36-B209-CC2C564191FA}.Release|Any CPU.Build.0 = Release|Any CPU
		{C6FBF48C-0743-430D-892E-556C7D78EE32}.Debug|Any CPU.ActiveCfg = Debug|Any CPU
		{C6FBF48C-0743-430D-892E-556C7D78EE32}.Debug|Any CPU.Build.0 = Debug|Any CPU
		{C6FBF48C-0743-430D-892E-556C7D78EE32}.Release|Any CPU.ActiveCfg = Release|Any CPU
		{C6FBF48C-0743-430D-892E-556C7D78EE32}.Release|Any CPU.Build.0 = Release|Any CPU
		{D1CDC8E1-60F2-480A-BDD8-D06B6EF05715}.Debug|Any CPU.ActiveCfg = Debug|Any CPU
		{D1CDC8E1-60F2-480A-BDD8-D06B6EF05715}.Debug|Any CPU.Build.0 = Debug|Any CPU
		{D1CDC8E1-60F2-480A-BDD8-D06B6EF05715}.Release|Any CPU.ActiveCfg = Release|Any CPU
		{D1CDC8E1-60F2-480A-BDD8-D06B6EF05715}.Release|Any CPU.Build.0 = Release|Any CPU
	EndGlobalSection
	GlobalSection(SolutionProperties) = preSolution
		HideSolutionNode = FALSE
	EndGlobalSection
	GlobalSection(ExtensibilityGlobals) = postSolution
		SolutionGuid = {20C3EA73-EBC0-451B-83D7-B0975EC606E1}
	EndGlobalSection
EndGlobal
